lockfileVersion: '6.0'

settings:
  autoInstallPeers: true
  excludeLinksFromLockfile: false

importers:

  .: {}

  crates/mach/src/adapters/node_js/js:
    devDependencies:
      '@alshdavid/mach':
        specifier: workspace:*
        version: link:../../../../../../npm/mach

  npm/mach: {}

  npm/node-adapter: {}
